
Microsoft Visual Studio Solution File, Format Version 12.00
# Visual Studio Version 16
VisualStudioVersion = 16.0.29519.181
MinimumVisualStudioVersion = 10.0.40219.1
Project("{FAE04EC0-301F-11D3-BF4B-00C04F79EFBC}") = "ClassFreezer", "ClassFreezer.csproj", "{1BB3CDE6-854A-4809-B69C-38C620CC902C}"
EndProject
Global
	GlobalSection(SolutionConfigurationPlatforms) = preSolution
		Debug|Any CPU = Debug|Any CPU
		Release|Any CPU = Release|Any CPU
	EndGlobalSection
	GlobalSection(ProjectConfigurationPlatforms) = postSolution
		{1BB3CDE6-854A-4809-B69C-38C620CC902C}.Debug|Any CPU.ActiveCfg = Debug|Any CPU
		{1BB3CDE6-854A-4809-B69C-38C620CC902C}.Debug|Any CPU.Build.0 = Debug|Any CPU
		{1BB3CDE6-854A-4809-B69C-38C620CC902C}.Release|Any CPU.ActiveCfg = Release|Any CPU
		{1BB3CDE6-854A-4809-B69C-38C620CC902C}.Release|Any CPU.Build.0 = Release|Any CPU
	EndGlobalSection
	GlobalSection(SolutionProperties) = preSolution
		HideSolutionNode = FALSE
	EndGlobalSection
	GlobalSection(ExtensibilityGlobals) = postSolution
		SolutionGuid = {3C3D4C37-1587-46AB-BB4C-CE46F00EB8F4}
	EndGlobalSection
EndGlobal
